// !$*UTF8*$!
{
	archiveVersion = 1;
	classes = {
	};
	objectVersion = 46;
	objects = {

/* Begin PBXBuildFile section */
		F0F628DB1C4D7EE000CCC9C7 /* AppDelegate.swift in Sources */ = {isa = PBXBuildFile; fileRef = F0F628DA1C4D7EE000CCC9C7 /* AppDelegate.swift */; };
		F0F628DD1C4D7EE000CCC9C7 /* ViewController.swift in Sources */ = {isa = PBXBuildFile; fileRef = F0F628DC1C4D7EE000CCC9C7 /* ViewController.swift */; };
		F0F628E01C4D7EE000CCC9C7 /* Main.storyboard in Resources */ = {isa = PBXBuildFile; fileRef = F0F628DE1C4D7EE000CCC9C7 /* Main.storyboard */; };
		F0F628E21C4D7EE000CCC9C7 /* Assets.xcassets in Resources */ = {isa = PBXBuildFile; fileRef = F0F628E11C4D7EE000CCC9C7 /* Assets.xcassets */; };
		F0F628E51C4D7EE000CCC9C7 /* LaunchScreen.storyboard in Resources */ = {isa = PBXBuildFile; fileRef = F0F628E31C4D7EE000CCC9C7 /* LaunchScreen.storyboard */; };
		F0F628F01C4D7EE000CCC9C7 /* groceryTests.swift in Sources */ = {isa = PBXBuildFile; fileRef = F0F628EF1C4D7EE000CCC9C7 /* groceryTests.swift */; };
		F0F628FB1C4D7EE000CCC9C7 /* groceryUITests.swift in Sources */ = {isa = PBXBuildFile; fileRef = F0F628FA1C4D7EE000CCC9C7 /* groceryUITests.swift */; };
/* End PBXBuildFile section */

/* Begin PBXContainerItemProxy section */
		F0F628EC1C4D7EE000CCC9C7 /* PBXContainerItemProxy */ = {
			isa = PBXContainerItemProxy;
			containerPortal = F0F628CF1C4D7EE000CCC9C7 /* Project object */;
			proxyType = 1;
			remoteGlobalIDString = F0F628D61C4D7EE000CCC9C7;
			remoteInfo = grocery;
		};
		F0F628F71C4D7EE000CCC9C7 /* PBXContainerItemProxy */ = {
			isa = PBXContainerItemProxy;
			containerPortal = F0F628CF1C4D7EE000CCC9C7 /* Project object */;
			proxyType = 1;
			remoteGlobalIDString = F0F628D61C4D7EE000CCC9C7;
			remoteInfo = grocery;
		};
/* End PBXContainerItemProxy section */

/* Begin PBXFileReference section */
		F0F628D71C4D7EE000CCC9C7 /* grocery.app */ = {isa = PBXFileReference; explicitFileType = wrapper.application; includeInIndex = 0; path = grocery.app; sourceTree = BUILT_PRODUCTS_DIR; };
		F0F628DA1C4D7EE000CCC9C7 /* AppDelegate.swift */ = {isa = PBXFileReference; lastKnownFileType = sourcecode.swift; path = AppDelegate.swift; sourceTree = "<group>"; };
		F0F628DC1C4D7EE000CCC9C7 /* ViewController.swift */ = {isa = PBXFileReference; lastKnownFileType = sourcecode.swift; path = ViewController.swift; sourceTree = "<group>"; };
		F0F628DF1C4D7EE000CCC9C7 /* Base */ = {isa = PBXFileReference; lastKnownFileType = file.storyboard; name = Base; path = Base.lproj/Main.storyboard; sourceTree = "<group>"; };
		F0F628E11C4D7EE000CCC9C7 /* Assets.xcassets */ = {isa = PBXFileReference; lastKnownFileType = folder.assetcatalog; path = Assets.xcassets; sourceTree = "<group>"; };
		F0F628E41C4D7EE000CCC9C7 /* Base */ = {isa = PBXFileReference; lastKnownFileType = file.storyboard; name = Base; path = Base.lproj/LaunchScreen.storyboard; sourceTree = "<group>"; };
		F0F628E61C4D7EE000CCC9C7 /* Info.plist */ = {isa = PBXFileReference; lastKnownFileType = text.plist.xml; path = Info.plist; sourceTree = "<group>"; };
		F0F628EB1C4D7EE000CCC9C7 /* groceryTests.xctest */ = {isa = PBXFileReference; explicitFileType = wrapper.cfbundle; includeInIndex = 0; path = groceryTests.xctest; sourceTree = BUILT_PRODUCTS_DIR; };
		F0F628EF1C4D7EE000CCC9C7 /* groceryTests.swift */ = {isa = PBXFileReference; lastKnownFileType = sourcecode.swift; path = groceryTests.swift; sourceTree = "<group>"; };
		F0F628F11C4D7EE000CCC9C7 /* Info.plist */ = {isa = PBXFileReference; lastKnownFileType = text.plist.xml; path = Info.plist; sourceTree = "<group>"; };
		F0F628F61C4D7EE000CCC9C7 /* groceryUITests.xctest */ = {isa = PBXFileReference; explicitFileType = wrapper.cfbundle; includeInIndex = 0; path = groceryUITests.xctest; sourceTree = BUILT_PRODUCTS_DIR; };
		F0F628FA1C4D7EE000CCC9C7 /* groceryUITests.swift */ = {isa = PBXFileReference; lastKnownFileType = sourcecode.swift; path = groceryUITests.swift; sourceTree = "<group>"; };
		F0F628FC1C4D7EE000CCC9C7 /* Info.plist */ = {isa = PBXFileReference; lastKnownFileType = text.plist.xml; path = Info.plist; sourceTree = "<group>"; };
/* End PBXFileReference section */

/* Begin PBXFrameworksBuildPhase section */
		F0F628D41C4D7EE000CCC9C7 /* Frameworks */ = {
			isa = PBXFrameworksBuildPhase;
			buildActionMask = 2147483647;
			files = (
			);
			runOnlyForDeploymentPostprocessing = 0;
		};
		F0F628E81C4D7EE000CCC9C7 /* Frameworks */ = {
			isa = PBXFrameworksBuildPhase;
			buildActionMask = 2147483647;
			files = (
			);
			runOnlyForDeploymentPostprocessing = 0;
		};
		F0F628F31C4D7EE000CCC9C7 /* Frameworks */ = {
			isa = PBXFrameworksBuildPhase;
			buildActionMask = 2147483647;
			files = (
			);
			runOnlyForDeploymentPostprocessing = 0;
		};
/* End PBXFrameworksBuildPhase section */

/* Begin PBXGroup section */
		F0F628CE1C4D7EE000CCC9C7 = {
			isa = PBXGroup;
			children = (
				F0F628D91C4D7EE000CCC9C7 /* grocery */,
				F0F628EE1C4D7EE000CCC9C7 /* groceryTests */,
				F0F628F91C4D7EE000CCC9C7 /* groceryUITests */,
				F0F628D81C4D7EE000CCC9C7 /* Products */,
			);
			sourceTree = "<group>";
		};
		F0F628D81C4D7EE000CCC9C7 /* Products */ = {
			isa = PBXGroup;
			children = (
				F0F628D71C4D7EE000CCC9C7 /* grocery.app */,
				F0F628EB1C4D7EE000CCC9C7 /* groceryTests.xctest */,
				F0F628F61C4D7EE000CCC9C7 /* groceryUITests.xctest */,
			);
			name = Products;
			sourceTree = "<group>";
		};
		F0F628D91C4D7EE000CCC9C7 /* grocery */ = {
			isa = PBXGroup;
			children = (
				F0F628DA1C4D7EE000CCC9C7 /* AppDelegate.swift */,
				F0F628DC1C4D7EE000CCC9C7 /* ViewController.swift */,
				F0F628DE1C4D7EE000CCC9C7 /* Main.storyboard */,
				F0F628E11C4D7EE000CCC9C7 /* Assets.xcassets */,
				F0F628E31C4D7EE000CCC9C7 /* LaunchScreen.storyboard */,
				F0F628E61C4D7EE000CCC9C7 /* Info.plist */,
			);
			path = grocery;
			sourceTree = "<group>";
		};
		F0F628EE1C4D7EE000CCC9C7 /* groceryTests */ = {
			isa = PBXGroup;
			children = (
				F0F628EF1C4D7EE000CCC9C7 /* groceryTests.swift */,
				F0F628F11C4D7EE000CCC9C7 /* Info.plist */,
			);
			path = groceryTests;
			sourceTree = "<group>";
		};
		F0F628F91C4D7EE000CCC9C7 /* groceryUITests */ = {
			isa = PBXGroup;
			children = (
				F0F628FA1C4D7EE000CCC9C7 /* groceryUITests.swift */,
				F0F628FC1C4D7EE000CCC9C7 /* Info.plist */,
			);
			path = groceryUITests;
			sourceTree = "<group>";
		};
/* End PBXGroup section */

/* Begin PBXNativeTarget section */
		F0F628D61C4D7EE000CCC9C7 /* grocery */ = {
			isa = PBXNativeTarget;
			buildConfigurationList = F0F628FF1C4D7EE000CCC9C7 /* Build configuration list for PBXNativeTarget "grocery" */;
			buildPhases = (
				F0F628D31C4D7EE000CCC9C7 /* Sources */,
				F0F628D41C4D7EE000CCC9C7 /* Frameworks */,
				F0F628D51C4D7EE000CCC9C7 /* Resources */,
			);
			buildRules = (
			);
			dependencies = (
			);
			name = grocery;
			productName = grocery;
			productReference = F0F628D71C4D7EE000CCC9C7 /* grocery.app */;
			productType = "com.apple.product-type.application";
		};
		F0F628EA1C4D7EE000CCC9C7 /* groceryTests */ = {
			isa = PBXNativeTarget;
			buildConfigurationList = F0F629021C4D7EE000CCC9C7 /* Build configuration list for PBXNativeTarget "groceryTests" */;
			buildPhases = (
				F0F628E71C4D7EE000CCC9C7 /* Sources */,
				F0F628E81C4D7EE000CCC9C7 /* Frameworks */,
				F0F628E91C4D7EE000CCC9C7 /* Resources */,
			);
			buildRules = (
			);
			dependencies = (
				F0F628ED1C4D7EE000CCC9C7 /* PBXTargetDependency */,
			);
			name = groceryTests;
			productName = groceryTests;
			productReference = F0F628EB1C4D7EE000CCC9C7 /* groceryTests.xctest */;
			productType = "com.apple.product-type.bundle.unit-test";
		};
		F0F628F51C4D7EE000CCC9C7 /* groceryUITests */ = {
			isa = PBXNativeTarget;
			buildConfigurationList = F0F629051C4D7EE000CCC9C7 /* Build configuration list for PBXNativeTarget "groceryUITests" */;
			buildPhases = (
				F0F628F21C4D7EE000CCC9C7 /* Sources */,
				F0F628F31C4D7EE000CCC9C7 /* Frameworks */,
				F0F628F41C4D7EE000CCC9C7 /* Resources */,
			);
			buildRules = (
			);
			dependencies = (
				F0F628F81C4D7EE000CCC9C7 /* PBXTargetDependency */,
			);
			name = groceryUITests;
			productName = groceryUITests;
			productReference = F0F628F61C4D7EE000CCC9C7 /* groceryUITests.xctest */;
			productType = "com.apple.product-type.bundle.ui-testing";
		};
/* End PBXNativeTarget section */

/* Begin PBXProject section */
		F0F628CF1C4D7EE000CCC9C7 /* Project object */ = {
			isa = PBXProject;
			attributes = {
				LastSwiftUpdateCheck = 0710;
				LastUpgradeCheck = 0710;
				ORGANIZATIONNAME = "Henna Ahmed";
				TargetAttributes = {
					F0F628D61C4D7EE000CCC9C7 = {
						CreatedOnToolsVersion = 7.1;
					};
					F0F628EA1C4D7EE000CCC9C7 = {
						CreatedOnToolsVersion = 7.1;
						TestTargetID = F0F628D61C4D7EE000CCC9C7;
					};
					F0F628F51C4D7EE000CCC9C7 = {
						CreatedOnToolsVersion = 7.1;
						TestTargetID = F0F628D61C4D7EE000CCC9C7;
					};
				};
			};
			buildConfigurationList = F0F628D21C4D7EE000CCC9C7 /* Build configuration list for PBXProject "grocery" */;
			compatibilityVersion = "Xcode 3.2";
			developmentRegion = English;
			hasScannedForEncodings = 0;
			knownRegions = (
				en,
				Base,
			);
			mainGroup = F0F628CE1C4D7EE000CCC9C7;
			productRefGroup = F0F628D81C4D7EE000CCC9C7 /* Products */;
			projectDirPath = "";
			projectRoot = "";
			targets = (
				F0F628D61C4D7EE000CCC9C7 /* grocery */,
				F0F628EA1C4D7EE000CCC9C7 /* groceryTests */,
				F0F628F51C4D7EE000CCC9C7 /* groceryUITests */,
			);
		};
/* End PBXProject section */

/* Begin PBXResourcesBuildPhase section */
		F0F628D51C4D7EE000CCC9C7 /* Resources */ = {
			isa = PBXResourcesBuildPhase;
			buildActionMask = 2147483647;
			files = (
				F0F628E51C4D7EE000CCC9C7 /* LaunchScreen.storyboard in Resources */,
				F0F628E21C4D7EE000CCC9C7 /* Assets.xcassets in Resources */,
				F0F628E01C4D7EE000CCC9C7 /* Main.storyboard in Resources */,
			);
			runOnlyForDeploymentPostprocessing = 0;
		};
		F0F628E91C4D7EE000CCC9C7 /* Resources */ = {
			isa = PBXResourcesBuildPhase;
			buildActionMask = 2147483647;
			files = (
			);
			runOnlyForDeploymentPostprocessing = 0;
		};
		F0F628F41C4D7EE000CCC9C7 /* Resources */ = {
			isa = PBXResourcesBuildPhase;
			buildActionMask = 2147483647;
			files = (
			);
			runOnlyForDeploymentPostprocessing = 0;
		};
/* End PBXResourcesBuildPhase section */

/* Begin PBXSourcesBuildPhase section */
		F0F628D31C4D7EE000CCC9C7 /* Sources */ = {
			isa = PBXSourcesBuildPhase;
			buildActionMask = 2147483647;
			files = (
				F0F628DD1C4D7EE000CCC9C7 /* ViewController.swift in Sources */,
				F0F628DB1C4D7EE000CCC9C7 /* AppDelegate.swift in Sources */,
			);
			runOnlyForDeploymentPostprocessing = 0;
		};
		F0F628E71C4D7EE000CCC9C7 /* Sources */ = {
			isa = PBXSourcesBuildPhase;
			buildActionMask = 2147483647;
			files = (
				F0F628F01C4D7EE000CCC9C7 /* groceryTests.swift in Sources */,
			);
			runOnlyForDeploymentPostprocessing = 0;
		};
		F0F628F21C4D7EE000CCC9C7 /* Sources */ = {
			isa = PBXSourcesBuildPhase;
			buildActionMask = 2147483647;
			files = (
				F0F628FB1C4D7EE000CCC9C7 /* groceryUITests.swift in Sources */,
			);
			runOnlyForDeploymentPostprocessing = 0;
		};
/* End PBXSourcesBuildPhase section */

/* Begin PBXTargetDependency section */
		F0F628ED1C4D7EE000CCC9C7 /* PBXTargetDependency */ = {
			isa = PBXTargetDependency;
			target = F0F628D61C4D7EE000CCC9C7 /* grocery */;
			targetProxy = F0F628EC1C4D7EE000CCC9C7 /* PBXContainerItemProxy */;
		};
		F0F628F81C4D7EE000CCC9C7 /* PBXTargetDependency */ = {
			isa = PBXTargetDependency;
			target = F0F628D61C4D7EE000CCC9C7 /* grocery */;
			targetProxy = F0F628F71C4D7EE000CCC9C7 /* PBXContainerItemProxy */;
		};
/* End PBXTargetDependency section */

/* Begin PBXVariantGroup section */
		F0F628DE1C4D7EE000CCC9C7 /* Main.storyboard */ = {
			isa = PBXVariantGroup;
			children = (
				F0F628DF1C4D7EE000CCC9C7 /* Base */,
			);
			name = Main.storyboard;
			sourceTree = "<group>";
		};
		F0F628E31C4D7EE000CCC9C7 /* LaunchScreen.storyboard */ = {
			isa = PBXVariantGroup;
			children = (
				F0F628E41C4D7EE000CCC9C7 /* Base */,
			);
			name = LaunchScreen.storyboard;
			sourceTree = "<group>";
		};
/* End PBXVariantGroup section */

/* Begin XCBuildConfiguration section */
		F0F628FD1C4D7EE000CCC9C7 /* Debug */ = {
			isa = XCBuildConfiguration;
			buildSettings = {
				ALWAYS_SEARCH_USER_PATHS = NO;
				CLANG_CXX_LANGUAGE_STANDARD = "gnu++0x";
				CLANG_CXX_LIBRARY = "libc++";
				CLANG_ENABLE_MODULES = YES;
				CLANG_ENABLE_OBJC_ARC = YES;
				CLANG_WARN_BOOL_CONVERSION = YES;
				CLANG_WARN_CONSTANT_CONVERSION = YES;
				CLANG_WARN_DIRECT_OBJC_ISA_USAGE = YES_ERROR;
				CLANG_WARN_EMPTY_BODY = YES;
				CLANG_WARN_ENUM_CONVERSION = YES;
				CLANG_WARN_INT_CONVERSION = YES;
				CLANG_WARN_OBJC_ROOT_CLASS = YES_ERROR;
				CLANG_WARN_UNREACHABLE_CODE = YES;
				CLANG_WARN__DUPLICATE_METHOD_MATCH = YES;
				"CODE_SIGN_IDENTITY[sdk=iphoneos*]" = "iPhone Developer";
				COPY_PHASE_STRIP = NO;
				DEBUG_INFORMATION_FORMAT = dwarf;
				ENABLE_STRICT_OBJC_MSGSEND = YES;
				ENABLE_TESTABILITY = YES;
				GCC_C_LANGUAGE_STANDARD = gnu99;
				GCC_DYNAMIC_NO_PIC = NO;
				GCC_NO_COMMON_BLOCKS = YES;
				GCC_OPTIMIZATION_LEVEL = 0;
				GCC_PREPROCESSOR_DEFINITIONS = (
					"DEBUG=1",
					"$(inherited)",
				);
				GCC_WARN_64_TO_32_BIT_CONVERSION = YES;
				GCC_WARN_ABOUT_RETURN_TYPE = YES_ERROR;
				GCC_WARN_UNDECLARED_SELECTOR = YES;
				GCC_WARN_UNINITIALIZED_AUTOS = YES_AGGRESSIVE;
				GCC_WARN_UNUSED_FUNCTION = YES;
				GCC_WARN_UNUSED_VARIABLE = YES;
				IPHONEOS_DEPLOYMENT_TARGET = 9.1;
				MTL_ENABLE_DEBUG_INFO = YES;
				ONLY_ACTIVE_ARCH = YES;
				SDKROOT = iphoneos;
				SWIFT_OPTIMIZATION_LEVEL = "-Onone";
				TARGETED_DEVICE_FAMILY = "1,2";
			};
			name = Debug;
		};
		F0F628FE1C4D7EE000CCC9C7 /* Release */ = {
			isa = XCBuildConfiguration;
			buildSettings = {
				ALWAYS_SEARCH_USER_PATHS = NO;
				CLANG_CXX_LANGUAGE_STANDARD = "gnu++0x";
				CLANG_CXX_LIBRARY = "libc++";
				CLANG_ENABLE_MODULES = YES;
				CLANG_ENABLE_OBJC_ARC = YES;
				CLANG_WARN_BOOL_CONVERSION = YES;
				CLANG_WARN_CONSTANT_CONVERSION = YES;
				CLANG_WARN_DIRECT_OBJC_ISA_USAGE = YES_ERROR;
				CLANG_WARN_EMPTY_BODY = YES;
				CLANG_WARN_ENUM_CONVERSION = YES;
				CLANG_WARN_INT_CONVERSION = YES;
				CLANG_WARN_OBJC_ROOT_CLASS = YES_ERROR;
				CLANG_WARN_UNREACHABLE_CODE = YES;
				CLANG_WARN__DUPLICATE_METHOD_MATCH = YES;
				"CODE_SIGN_IDENTITY[sdk=iphoneos*]" = "iPhone Developer";
				COPY_PHASE_STRIP = NO;
				DEBUG_INFORMATION_FORMAT = "dwarf-with-dsym";
				ENABLE_NS_ASSERTIONS = NO;
				ENABLE_STRICT_OBJC_MSGSEND = YES;
				GCC_C_LANGUAGE_STANDARD = gnu99;
				GCC_NO_COMMON_BLOCKS = YES;
				GCC_WARN_64_TO_32_BIT_CONVERSION = YES;
				GCC_WARN_ABOUT_RETURN_TYPE = YES_ERROR;
				GCC_WARN_UNDECLARED_SELECTOR = YES;
				GCC_WARN_UNINITIALIZED_AUTOS = YES_AGGRESSIVE;
				GCC_WARN_UNUSED_FUNCTION = YES;
				GCC_WARN_UNUSED_VARIABLE = YES;
				IPHONEOS_DEPLOYMENT_TARGET = 9.1;
				MTL_ENABLE_DEBUG_INFO = NO;
				SDKROOT = iphoneos;
				TARGETED_DEVICE_FAMILY = "1,2";
				VALIDATE_PRODUCT = YES;
			};
			name = Release;
		};
		F0F629001C4D7EE000CCC9C7 /* Debug */ = {
			isa = XCBuildConfiguration;
			buildSettings = {
				ASSETCATALOG_COMPILER_APPICON_NAME = AppIcon;
				INFOPLIST_FILE = grocery/Info.plist;
				LD_RUNPATH_SEARCH_PATHS = "$(inherited) @executable_path/Frameworks";
				PRODUCT_BUNDLE_IDENTIFIER = com.xhenna92.grocery;
				PRODUCT_NAME = "$(TARGET_NAME)";
			};
			name = Debug;
		};
		F0F629011C4D7EE000CCC9C7 /* Release */ = {
			isa = XCBuildConfiguration;
			buildSettings = {
				ASSETCATALOG_COMPILER_APPICON_NAME = AppIcon;
				INFOPLIST_FILE = grocery/Info.plist;
				LD_RUNPATH_SEARCH_PATHS = "$(inherited) @executable_path/Frameworks";
				PRODUCT_BUNDLE_IDENTIFIER = com.xhenna92.grocery;
				PRODUCT_NAME = "$(TARGET_NAME)";
			};
			name = Release;
		};
		F0F629031C4D7EE000CCC9C7 /* Debug */ = {
			isa = XCBuildConfiguration;
			buildSettings = {
				BUNDLE_LOADER = "$(TEST_HOST)";
				INFOPLIST_FILE = groceryTests/Info.plist;
				LD_RUNPATH_SEARCH_PATHS = "$(inherited) @executable_path/Frameworks @loader_path/Frameworks";
				PRODUCT_BUNDLE_IDENTIFIER = com.xhenna92.groceryTests;
				PRODUCT_NAME = "$(TARGET_NAME)";
				TEST_HOST = "$(BUILT_PRODUCTS_DIR)/grocery.app/grocery";
			};
			name = Debug;
		};
		F0F629041C4D7EE000CCC9C7 /* Release */ = {
			isa = XCBuildConfiguration;
			buildSettings = {
				BUNDLE_LOADER = "$(TEST_HOST)";
				INFOPLIST_FILE = groceryTests/Info.plist;
				LD_RUNPATH_SEARCH_PATHS = "$(inherited) @executable_path/Frameworks @loader_path/Frameworks";
				PRODUCT_BUNDLE_IDENTIFIER = com.xhenna92.groceryTests;
				PRODUCT_NAME = "$(TARGET_NAME)";
				TEST_HOST = "$(BUILT_PRODUCTS_DIR)/grocery.app/grocery";
			};
			name = Release;
		};
		F0F629061C4D7EE000CCC9C7 /* Debug */ = {
			isa = XCBuildConfiguration;
			buildSettings = {
				INFOPLIST_FILE = groceryUITests/Info.plist;
				LD_RUNPATH_SEARCH_PATHS = "$(inherited) @executable_path/Frameworks @loader_path/Frameworks";
				PRODUCT_BUNDLE_IDENTIFIER = com.xhenna92.groceryUITests;
				PRODUCT_NAME = "$(TARGET_NAME)";
				TEST_TARGET_NAME = grocery;
				USES_XCTRUNNER = YES;
			};
			name = Debug;
		};
		F0F629071C4D7EE000CCC9C7 /* Release */ = {
			isa = XCBuildConfiguration;
			buildSettings = {
				INFOPLIST_FILE = groceryUITests/Info.plist;
				LD_RUNPATH_SEARCH_PATHS = "$(inherited) @executable_path/Frameworks @loader_path/Frameworks";
				PRODUCT_BUNDLE_IDENTIFIER = com.xhenna92.groceryUITests;
				PRODUCT_NAME = "$(TARGET_NAME)";
				TEST_TARGET_NAME = grocery;
				USES_XCTRUNNER = YES;
			};
			name = Release;
		};
/* End XCBuildConfiguration section */

/* Begin XCConfigurationList section */
		F0F628D21C4D7EE000CCC9C7 /* Build configuration list for PBXProject "grocery" */ = {
			isa = XCConfigurationList;
			buildConfigurations = (
				F0F628FD1C4D7EE000CCC9C7 /* Debug */,
				F0F628FE1C4D7EE000CCC9C7 /* Release */,
			);
			defaultConfigurationIsVisible = 0;
			defaultConfigurationName = Release;
		};
		F0F628FF1C4D7EE000CCC9C7 /* Build configuration list for PBXNativeTarget "grocery" */ = {
			isa = XCConfigurationList;
			buildConfigurations = (
				F0F629001C4D7EE000CCC9C7 /* Debug */,
				F0F629011C4D7EE000CCC9C7 /* Release */,
			);
			defaultConfigurationIsVisible = 0;
		};
		F0F629021C4D7EE000CCC9C7 /* Build configuration list for PBXNativeTarget "groceryTests" */ = {
			isa = XCConfigurationList;
			buildConfigurations = (
				F0F629031C4D7EE000CCC9C7 /* Debug */,
				F0F629041C4D7EE000CCC9C7 /* Release */,
			);
			defaultConfigurationIsVisible = 0;
		};
		F0F629051C4D7EE000CCC9C7 /* Build configuration list for PBXNativeTarget "groceryUITests" */ = {
			isa = XCConfigurationList;
			buildConfigurations = (
				F0F629061C4D7EE000CCC9C7 /* Debug */,
				F0F629071C4D7EE000CCC9C7 /* Release */,
			);
			defaultConfigurationIsVisible = 0;
		};
/* End XCConfigurationList section */
	};
	rootObject = F0F628CF1C4D7EE000CCC9C7 /* Project object */;
}
