// !$*UTF8*$!
{
	archiveVersion = 1;
	classes = {
	};
	objectVersion = 46;
	objects = {

/* Begin PBXBuildFile section */
		F0BC4A8D1C45986D00376773 /* AppDelegate.swift in Sources */ = {isa = PBXBuildFile; fileRef = F0BC4A8C1C45986D00376773 /* AppDelegate.swift */; };
		F0BC4A8F1C45986D00376773 /* ViewController.swift in Sources */ = {isa = PBXBuildFile; fileRef = F0BC4A8E1C45986D00376773 /* ViewController.swift */; };
		F0BC4A921C45986D00376773 /* Main.storyboard in Resources */ = {isa = PBXBuildFile; fileRef = F0BC4A901C45986D00376773 /* Main.storyboard */; };
		F0BC4A941C45986D00376773 /* Assets.xcassets in Resources */ = {isa = PBXBuildFile; fileRef = F0BC4A931C45986D00376773 /* Assets.xcassets */; };
		F0BC4A971C45986D00376773 /* LaunchScreen.storyboard in Resources */ = {isa = PBXBuildFile; fileRef = F0BC4A951C45986D00376773 /* LaunchScreen.storyboard */; };
		F0BC4AA21C45986D00376773 /* foodGramTests.swift in Sources */ = {isa = PBXBuildFile; fileRef = F0BC4AA11C45986D00376773 /* foodGramTests.swift */; };
		F0BC4AAD1C45986D00376773 /* foodGramUITests.swift in Sources */ = {isa = PBXBuildFile; fileRef = F0BC4AAC1C45986D00376773 /* foodGramUITests.swift */; };
/* End PBXBuildFile section */

/* Begin PBXContainerItemProxy section */
		F0BC4A9E1C45986D00376773 /* PBXContainerItemProxy */ = {
			isa = PBXContainerItemProxy;
			containerPortal = F0BC4A811C45986D00376773 /* Project object */;
			proxyType = 1;
			remoteGlobalIDString = F0BC4A881C45986D00376773;
			remoteInfo = foodGram;
		};
		F0BC4AA91C45986D00376773 /* PBXContainerItemProxy */ = {
			isa = PBXContainerItemProxy;
			containerPortal = F0BC4A811C45986D00376773 /* Project object */;
			proxyType = 1;
			remoteGlobalIDString = F0BC4A881C45986D00376773;
			remoteInfo = foodGram;
		};
/* End PBXContainerItemProxy section */

/* Begin PBXFileReference section */
		F0BC4A891C45986D00376773 /* foodGram.app */ = {isa = PBXFileReference; explicitFileType = wrapper.application; includeInIndex = 0; path = foodGram.app; sourceTree = BUILT_PRODUCTS_DIR; };
		F0BC4A8C1C45986D00376773 /* AppDelegate.swift */ = {isa = PBXFileReference; lastKnownFileType = sourcecode.swift; path = AppDelegate.swift; sourceTree = "<group>"; };
		F0BC4A8E1C45986D00376773 /* ViewController.swift */ = {isa = PBXFileReference; lastKnownFileType = sourcecode.swift; path = ViewController.swift; sourceTree = "<group>"; };
		F0BC4A911C45986D00376773 /* Base */ = {isa = PBXFileReference; lastKnownFileType = file.storyboard; name = Base; path = Base.lproj/Main.storyboard; sourceTree = "<group>"; };
		F0BC4A931C45986D00376773 /* Assets.xcassets */ = {isa = PBXFileReference; lastKnownFileType = folder.assetcatalog; path = Assets.xcassets; sourceTree = "<group>"; };
		F0BC4A961C45986D00376773 /* Base */ = {isa = PBXFileReference; lastKnownFileType = file.storyboard; name = Base; path = Base.lproj/LaunchScreen.storyboard; sourceTree = "<group>"; };
		F0BC4A981C45986D00376773 /* Info.plist */ = {isa = PBXFileReference; lastKnownFileType = text.plist.xml; path = Info.plist; sourceTree = "<group>"; };
		F0BC4A9D1C45986D00376773 /* foodGramTests.xctest */ = {isa = PBXFileReference; explicitFileType = wrapper.cfbundle; includeInIndex = 0; path = foodGramTests.xctest; sourceTree = BUILT_PRODUCTS_DIR; };
		F0BC4AA11C45986D00376773 /* foodGramTests.swift */ = {isa = PBXFileReference; lastKnownFileType = sourcecode.swift; path = foodGramTests.swift; sourceTree = "<group>"; };
		F0BC4AA31C45986D00376773 /* Info.plist */ = {isa = PBXFileReference; lastKnownFileType = text.plist.xml; path = Info.plist; sourceTree = "<group>"; };
		F0BC4AA81C45986D00376773 /* foodGramUITests.xctest */ = {isa = PBXFileReference; explicitFileType = wrapper.cfbundle; includeInIndex = 0; path = foodGramUITests.xctest; sourceTree = BUILT_PRODUCTS_DIR; };
		F0BC4AAC1C45986D00376773 /* foodGramUITests.swift */ = {isa = PBXFileReference; lastKnownFileType = sourcecode.swift; path = foodGramUITests.swift; sourceTree = "<group>"; };
		F0BC4AAE1C45986D00376773 /* Info.plist */ = {isa = PBXFileReference; lastKnownFileType = text.plist.xml; path = Info.plist; sourceTree = "<group>"; };
/* End PBXFileReference section */

/* Begin PBXFrameworksBuildPhase section */
		F0BC4A861C45986D00376773 /* Frameworks */ = {
			isa = PBXFrameworksBuildPhase;
			buildActionMask = 2147483647;
			files = (
			);
			runOnlyForDeploymentPostprocessing = 0;
		};
		F0BC4A9A1C45986D00376773 /* Frameworks */ = {
			isa = PBXFrameworksBuildPhase;
			buildActionMask = 2147483647;
			files = (
			);
			runOnlyForDeploymentPostprocessing = 0;
		};
		F0BC4AA51C45986D00376773 /* Frameworks */ = {
			isa = PBXFrameworksBuildPhase;
			buildActionMask = 2147483647;
			files = (
			);
			runOnlyForDeploymentPostprocessing = 0;
		};
/* End PBXFrameworksBuildPhase section */

/* Begin PBXGroup section */
		F0BC4A801C45986D00376773 = {
			isa = PBXGroup;
			children = (
				F0BC4A8B1C45986D00376773 /* foodGram */,
				F0BC4AA01C45986D00376773 /* foodGramTests */,
				F0BC4AAB1C45986D00376773 /* foodGramUITests */,
				F0BC4A8A1C45986D00376773 /* Products */,
			);
			sourceTree = "<group>";
		};
		F0BC4A8A1C45986D00376773 /* Products */ = {
			isa = PBXGroup;
			children = (
				F0BC4A891C45986D00376773 /* foodGram.app */,
				F0BC4A9D1C45986D00376773 /* foodGramTests.xctest */,
				F0BC4AA81C45986D00376773 /* foodGramUITests.xctest */,
			);
			name = Products;
			sourceTree = "<group>";
		};
		F0BC4A8B1C45986D00376773 /* foodGram */ = {
			isa = PBXGroup;
			children = (
				F0BC4A8C1C45986D00376773 /* AppDelegate.swift */,
				F0BC4A8E1C45986D00376773 /* ViewController.swift */,
				F0BC4A901C45986D00376773 /* Main.storyboard */,
				F0BC4A931C45986D00376773 /* Assets.xcassets */,
				F0BC4A951C45986D00376773 /* LaunchScreen.storyboard */,
				F0BC4A981C45986D00376773 /* Info.plist */,
			);
			path = foodGram;
			sourceTree = "<group>";
		};
		F0BC4AA01C45986D00376773 /* foodGramTests */ = {
			isa = PBXGroup;
			children = (
				F0BC4AA11C45986D00376773 /* foodGramTests.swift */,
				F0BC4AA31C45986D00376773 /* Info.plist */,
			);
			path = foodGramTests;
			sourceTree = "<group>";
		};
		F0BC4AAB1C45986D00376773 /* foodGramUITests */ = {
			isa = PBXGroup;
			children = (
				F0BC4AAC1C45986D00376773 /* foodGramUITests.swift */,
				F0BC4AAE1C45986D00376773 /* Info.plist */,
			);
			path = foodGramUITests;
			sourceTree = "<group>";
		};
/* End PBXGroup section */

/* Begin PBXNativeTarget section */
		F0BC4A881C45986D00376773 /* foodGram */ = {
			isa = PBXNativeTarget;
			buildConfigurationList = F0BC4AB11C45986D00376773 /* Build configuration list for PBXNativeTarget "foodGram" */;
			buildPhases = (
				F0BC4A851C45986D00376773 /* Sources */,
				F0BC4A861C45986D00376773 /* Frameworks */,
				F0BC4A871C45986D00376773 /* Resources */,
			);
			buildRules = (
			);
			dependencies = (
			);
			name = foodGram;
			productName = foodGram;
			productReference = F0BC4A891C45986D00376773 /* foodGram.app */;
			productType = "com.apple.product-type.application";
		};
		F0BC4A9C1C45986D00376773 /* foodGramTests */ = {
			isa = PBXNativeTarget;
			buildConfigurationList = F0BC4AB41C45986D00376773 /* Build configuration list for PBXNativeTarget "foodGramTests" */;
			buildPhases = (
				F0BC4A991C45986D00376773 /* Sources */,
				F0BC4A9A1C45986D00376773 /* Frameworks */,
				F0BC4A9B1C45986D00376773 /* Resources */,
			);
			buildRules = (
			);
			dependencies = (
				F0BC4A9F1C45986D00376773 /* PBXTargetDependency */,
			);
			name = foodGramTests;
			productName = foodGramTests;
			productReference = F0BC4A9D1C45986D00376773 /* foodGramTests.xctest */;
			productType = "com.apple.product-type.bundle.unit-test";
		};
		F0BC4AA71C45986D00376773 /* foodGramUITests */ = {
			isa = PBXNativeTarget;
			buildConfigurationList = F0BC4AB71C45986D00376773 /* Build configuration list for PBXNativeTarget "foodGramUITests" */;
			buildPhases = (
				F0BC4AA41C45986D00376773 /* Sources */,
				F0BC4AA51C45986D00376773 /* Frameworks */,
				F0BC4AA61C45986D00376773 /* Resources */,
			);
			buildRules = (
			);
			dependencies = (
				F0BC4AAA1C45986D00376773 /* PBXTargetDependency */,
			);
			name = foodGramUITests;
			productName = foodGramUITests;
			productReference = F0BC4AA81C45986D00376773 /* foodGramUITests.xctest */;
			productType = "com.apple.product-type.bundle.ui-testing";
		};
/* End PBXNativeTarget section */

/* Begin PBXProject section */
		F0BC4A811C45986D00376773 /* Project object */ = {
			isa = PBXProject;
			attributes = {
				LastSwiftUpdateCheck = 0710;
				LastUpgradeCheck = 0710;
				ORGANIZATIONNAME = "Henna Ahmed";
				TargetAttributes = {
					F0BC4A881C45986D00376773 = {
						CreatedOnToolsVersion = 7.1;
					};
					F0BC4A9C1C45986D00376773 = {
						CreatedOnToolsVersion = 7.1;
						TestTargetID = F0BC4A881C45986D00376773;
					};
					F0BC4AA71C45986D00376773 = {
						CreatedOnToolsVersion = 7.1;
						TestTargetID = F0BC4A881C45986D00376773;
					};
				};
			};
			buildConfigurationList = F0BC4A841C45986D00376773 /* Build configuration list for PBXProject "foodGram" */;
			compatibilityVersion = "Xcode 3.2";
			developmentRegion = English;
			hasScannedForEncodings = 0;
			knownRegions = (
				en,
				Base,
			);
			mainGroup = F0BC4A801C45986D00376773;
			productRefGroup = F0BC4A8A1C45986D00376773 /* Products */;
			projectDirPath = "";
			projectRoot = "";
			targets = (
				F0BC4A881C45986D00376773 /* foodGram */,
				F0BC4A9C1C45986D00376773 /* foodGramTests */,
				F0BC4AA71C45986D00376773 /* foodGramUITests */,
			);
		};
/* End PBXProject section */

/* Begin PBXResourcesBuildPhase section */
		F0BC4A871C45986D00376773 /* Resources */ = {
			isa = PBXResourcesBuildPhase;
			buildActionMask = 2147483647;
			files = (
				F0BC4A971C45986D00376773 /* LaunchScreen.storyboard in Resources */,
				F0BC4A941C45986D00376773 /* Assets.xcassets in Resources */,
				F0BC4A921C45986D00376773 /* Main.storyboard in Resources */,
			);
			runOnlyForDeploymentPostprocessing = 0;
		};
		F0BC4A9B1C45986D00376773 /* Resources */ = {
			isa = PBXResourcesBuildPhase;
			buildActionMask = 2147483647;
			files = (
			);
			runOnlyForDeploymentPostprocessing = 0;
		};
		F0BC4AA61C45986D00376773 /* Resources */ = {
			isa = PBXResourcesBuildPhase;
			buildActionMask = 2147483647;
			files = (
			);
			runOnlyForDeploymentPostprocessing = 0;
		};
/* End PBXResourcesBuildPhase section */

/* Begin PBXSourcesBuildPhase section */
		F0BC4A851C45986D00376773 /* Sources */ = {
			isa = PBXSourcesBuildPhase;
			buildActionMask = 2147483647;
			files = (
				F0BC4A8F1C45986D00376773 /* ViewController.swift in Sources */,
				F0BC4A8D1C45986D00376773 /* AppDelegate.swift in Sources */,
			);
			runOnlyForDeploymentPostprocessing = 0;
		};
		F0BC4A991C45986D00376773 /* Sources */ = {
			isa = PBXSourcesBuildPhase;
			buildActionMask = 2147483647;
			files = (
				F0BC4AA21C45986D00376773 /* foodGramTests.swift in Sources */,
			);
			runOnlyForDeploymentPostprocessing = 0;
		};
		F0BC4AA41C45986D00376773 /* Sources */ = {
			isa = PBXSourcesBuildPhase;
			buildActionMask = 2147483647;
			files = (
				F0BC4AAD1C45986D00376773 /* foodGramUITests.swift in Sources */,
			);
			runOnlyForDeploymentPostprocessing = 0;
		};
/* End PBXSourcesBuildPhase section */

/* Begin PBXTargetDependency section */
		F0BC4A9F1C45986D00376773 /* PBXTargetDependency */ = {
			isa = PBXTargetDependency;
			target = F0BC4A881C45986D00376773 /* foodGram */;
			targetProxy = F0BC4A9E1C45986D00376773 /* PBXContainerItemProxy */;
		};
		F0BC4AAA1C45986D00376773 /* PBXTargetDependency */ = {
			isa = PBXTargetDependency;
			target = F0BC4A881C45986D00376773 /* foodGram */;
			targetProxy = F0BC4AA91C45986D00376773 /* PBXContainerItemProxy */;
		};
/* End PBXTargetDependency section */

/* Begin PBXVariantGroup section */
		F0BC4A901C45986D00376773 /* Main.storyboard */ = {
			isa = PBXVariantGroup;
			children = (
				F0BC4A911C45986D00376773 /* Base */,
			);
			name = Main.storyboard;
			sourceTree = "<group>";
		};
		F0BC4A951C45986D00376773 /* LaunchScreen.storyboard */ = {
			isa = PBXVariantGroup;
			children = (
				F0BC4A961C45986D00376773 /* Base */,
			);
			name = LaunchScreen.storyboard;
			sourceTree = "<group>";
		};
/* End PBXVariantGroup section */

/* Begin XCBuildConfiguration section */
		F0BC4AAF1C45986D00376773 /* Debug */ = {
			isa = XCBuildConfiguration;
			buildSettings = {
				ALWAYS_SEARCH_USER_PATHS = NO;
				CLANG_CXX_LANGUAGE_STANDARD = "gnu++0x";
				CLANG_CXX_LIBRARY = "libc++";
				CLANG_ENABLE_MODULES = YES;
				CLANG_ENABLE_OBJC_ARC = YES;
				CLANG_WARN_BOOL_CONVERSION = YES;
				CLANG_WARN_CONSTANT_CONVERSION = YES;
				CLANG_WARN_DIRECT_OBJC_ISA_USAGE = YES_ERROR;
				CLANG_WARN_EMPTY_BODY = YES;
				CLANG_WARN_ENUM_CONVERSION = YES;
				CLANG_WARN_INT_CONVERSION = YES;
				CLANG_WARN_OBJC_ROOT_CLASS = YES_ERROR;
				CLANG_WARN_UNREACHABLE_CODE = YES;
				CLANG_WARN__DUPLICATE_METHOD_MATCH = YES;
				"CODE_SIGN_IDENTITY[sdk=iphoneos*]" = "iPhone Developer";
				COPY_PHASE_STRIP = NO;
				DEBUG_INFORMATION_FORMAT = dwarf;
				ENABLE_STRICT_OBJC_MSGSEND = YES;
				ENABLE_TESTABILITY = YES;
				GCC_C_LANGUAGE_STANDARD = gnu99;
				GCC_DYNAMIC_NO_PIC = NO;
				GCC_NO_COMMON_BLOCKS = YES;
				GCC_OPTIMIZATION_LEVEL = 0;
				GCC_PREPROCESSOR_DEFINITIONS = (
					"DEBUG=1",
					"$(inherited)",
				);
				GCC_WARN_64_TO_32_BIT_CONVERSION = YES;
				GCC_WARN_ABOUT_RETURN_TYPE = YES_ERROR;
				GCC_WARN_UNDECLARED_SELECTOR = YES;
				GCC_WARN_UNINITIALIZED_AUTOS = YES_AGGRESSIVE;
				GCC_WARN_UNUSED_FUNCTION = YES;
				GCC_WARN_UNUSED_VARIABLE = YES;
				IPHONEOS_DEPLOYMENT_TARGET = 9.1;
				MTL_ENABLE_DEBUG_INFO = YES;
				ONLY_ACTIVE_ARCH = YES;
				SDKROOT = iphoneos;
				SWIFT_OPTIMIZATION_LEVEL = "-Onone";
				TARGETED_DEVICE_FAMILY = "1,2";
			};
			name = Debug;
		};
		F0BC4AB01C45986D00376773 /* Release */ = {
			isa = XCBuildConfiguration;
			buildSettings = {
				ALWAYS_SEARCH_USER_PATHS = NO;
				CLANG_CXX_LANGUAGE_STANDARD = "gnu++0x";
				CLANG_CXX_LIBRARY = "libc++";
				CLANG_ENABLE_MODULES = YES;
				CLANG_ENABLE_OBJC_ARC = YES;
				CLANG_WARN_BOOL_CONVERSION = YES;
				CLANG_WARN_CONSTANT_CONVERSION = YES;
				CLANG_WARN_DIRECT_OBJC_ISA_USAGE = YES_ERROR;
				CLANG_WARN_EMPTY_BODY = YES;
				CLANG_WARN_ENUM_CONVERSION = YES;
				CLANG_WARN_INT_CONVERSION = YES;
				CLANG_WARN_OBJC_ROOT_CLASS = YES_ERROR;
				CLANG_WARN_UNREACHABLE_CODE = YES;
				CLANG_WARN__DUPLICATE_METHOD_MATCH = YES;
				"CODE_SIGN_IDENTITY[sdk=iphoneos*]" = "iPhone Developer";
				COPY_PHASE_STRIP = NO;
				DEBUG_INFORMATION_FORMAT = "dwarf-with-dsym";
				ENABLE_NS_ASSERTIONS = NO;
				ENABLE_STRICT_OBJC_MSGSEND = YES;
				GCC_C_LANGUAGE_STANDARD = gnu99;
				GCC_NO_COMMON_BLOCKS = YES;
				GCC_WARN_64_TO_32_BIT_CONVERSION = YES;
				GCC_WARN_ABOUT_RETURN_TYPE = YES_ERROR;
				GCC_WARN_UNDECLARED_SELECTOR = YES;
				GCC_WARN_UNINITIALIZED_AUTOS = YES_AGGRESSIVE;
				GCC_WARN_UNUSED_FUNCTION = YES;
				GCC_WARN_UNUSED_VARIABLE = YES;
				IPHONEOS_DEPLOYMENT_TARGET = 9.1;
				MTL_ENABLE_DEBUG_INFO = NO;
				SDKROOT = iphoneos;
				TARGETED_DEVICE_FAMILY = "1,2";
				VALIDATE_PRODUCT = YES;
			};
			name = Release;
		};
		F0BC4AB21C45986D00376773 /* Debug */ = {
			isa = XCBuildConfiguration;
			buildSettings = {
				ASSETCATALOG_COMPILER_APPICON_NAME = AppIcon;
				INFOPLIST_FILE = foodGram/Info.plist;
				LD_RUNPATH_SEARCH_PATHS = "$(inherited) @executable_path/Frameworks";
				PRODUCT_BUNDLE_IDENTIFIER = com.xhenna92.foodGram;
				PRODUCT_NAME = "$(TARGET_NAME)";
			};
			name = Debug;
		};
		F0BC4AB31C45986D00376773 /* Release */ = {
			isa = XCBuildConfiguration;
			buildSettings = {
				ASSETCATALOG_COMPILER_APPICON_NAME = AppIcon;
				INFOPLIST_FILE = foodGram/Info.plist;
				LD_RUNPATH_SEARCH_PATHS = "$(inherited) @executable_path/Frameworks";
				PRODUCT_BUNDLE_IDENTIFIER = com.xhenna92.foodGram;
				PRODUCT_NAME = "$(TARGET_NAME)";
			};
			name = Release;
		};
		F0BC4AB51C45986D00376773 /* Debug */ = {
			isa = XCBuildConfiguration;
			buildSettings = {
				BUNDLE_LOADER = "$(TEST_HOST)";
				INFOPLIST_FILE = foodGramTests/Info.plist;
				LD_RUNPATH_SEARCH_PATHS = "$(inherited) @executable_path/Frameworks @loader_path/Frameworks";
				PRODUCT_BUNDLE_IDENTIFIER = com.xhenna92.foodGramTests;
				PRODUCT_NAME = "$(TARGET_NAME)";
				TEST_HOST = "$(BUILT_PRODUCTS_DIR)/foodGram.app/foodGram";
			};
			name = Debug;
		};
		F0BC4AB61C45986D00376773 /* Release */ = {
			isa = XCBuildConfiguration;
			buildSettings = {
				BUNDLE_LOADER = "$(TEST_HOST)";
				INFOPLIST_FILE = foodGramTests/Info.plist;
				LD_RUNPATH_SEARCH_PATHS = "$(inherited) @executable_path/Frameworks @loader_path/Frameworks";
				PRODUCT_BUNDLE_IDENTIFIER = com.xhenna92.foodGramTests;
				PRODUCT_NAME = "$(TARGET_NAME)";
				TEST_HOST = "$(BUILT_PRODUCTS_DIR)/foodGram.app/foodGram";
			};
			name = Release;
		};
		F0BC4AB81C45986D00376773 /* Debug */ = {
			isa = XCBuildConfiguration;
			buildSettings = {
				INFOPLIST_FILE = foodGramUITests/Info.plist;
				LD_RUNPATH_SEARCH_PATHS = "$(inherited) @executable_path/Frameworks @loader_path/Frameworks";
				PRODUCT_BUNDLE_IDENTIFIER = com.xhenna92.foodGramUITests;
				PRODUCT_NAME = "$(TARGET_NAME)";
				TEST_TARGET_NAME = foodGram;
				USES_XCTRUNNER = YES;
			};
			name = Debug;
		};
		F0BC4AB91C45986D00376773 /* Release */ = {
			isa = XCBuildConfiguration;
			buildSettings = {
				INFOPLIST_FILE = foodGramUITests/Info.plist;
				LD_RUNPATH_SEARCH_PATHS = "$(inherited) @executable_path/Frameworks @loader_path/Frameworks";
				PRODUCT_BUNDLE_IDENTIFIER = com.xhenna92.foodGramUITests;
				PRODUCT_NAME = "$(TARGET_NAME)";
				TEST_TARGET_NAME = foodGram;
				USES_XCTRUNNER = YES;
			};
			name = Release;
		};
/* End XCBuildConfiguration section */

/* Begin XCConfigurationList section */
		F0BC4A841C45986D00376773 /* Build configuration list for PBXProject "foodGram" */ = {
			isa = XCConfigurationList;
			buildConfigurations = (
				F0BC4AAF1C45986D00376773 /* Debug */,
				F0BC4AB01C45986D00376773 /* Release */,
			);
			defaultConfigurationIsVisible = 0;
			defaultConfigurationName = Release;
		};
		F0BC4AB11C45986D00376773 /* Build configuration list for PBXNativeTarget "foodGram" */ = {
			isa = XCConfigurationList;
			buildConfigurations = (
				F0BC4AB21C45986D00376773 /* Debug */,
				F0BC4AB31C45986D00376773 /* Release */,
			);
			defaultConfigurationIsVisible = 0;
		};
		F0BC4AB41C45986D00376773 /* Build configuration list for PBXNativeTarget "foodGramTests" */ = {
			isa = XCConfigurationList;
			buildConfigurations = (
				F0BC4AB51C45986D00376773 /* Debug */,
				F0BC4AB61C45986D00376773 /* Release */,
			);
			defaultConfigurationIsVisible = 0;
		};
		F0BC4AB71C45986D00376773 /* Build configuration list for PBXNativeTarget "foodGramUITests" */ = {
			isa = XCConfigurationList;
			buildConfigurations = (
				F0BC4AB81C45986D00376773 /* Debug */,
				F0BC4AB91C45986D00376773 /* Release */,
			);
			defaultConfigurationIsVisible = 0;
		};
/* End XCConfigurationList section */
	};
	rootObject = F0BC4A811C45986D00376773 /* Project object */;
}
